
Microsoft Visual Studio Solution File, Format Version 12.00
# Visual Studio Version 17
VisualStudioVersion = 17.2.32616.157
MinimumVisualStudioVersion = 10.0.40219.1
Project("{FAE04EC0-301F-11D3-BF4B-00C04F79EFBC}") = "NamesWPF", "NamesWPF\NamesWPF.csproj", "{7A8BADDD-E27F-41AF-8B6D-884545E75CDB}"
EndProject
Global
	GlobalSection(SolutionConfigurationPlatforms) = preSolution
		Debug|Any CPU = Debug|Any CPU
		Release|Any CPU = Release|Any CPU
	EndGlobalSection
	GlobalSection(ProjectConfigurationPlatforms) = postSolution
		{7A8BADDD-E27F-41AF-8B6D-884545E75CDB}.Debug|Any CPU.ActiveCfg = Debug|Any CPU
		{7A8BADDD-E27F-41AF-8B6D-884545E75CDB}.Debug|Any CPU.Build.0 = Debug|Any CPU
		{7A8BADDD-E27F-41AF-8B6D-884545E75CDB}.Release|Any CPU.ActiveCfg = Release|Any CPU
		{7A8BADDD-E27F-41AF-8B6D-884545E75CDB}.Release|Any CPU.Build.0 = Release|Any CPU
	EndGlobalSection
	GlobalSection(SolutionProperties) = preSolution
		HideSolutionNode = FALSE
	EndGlobalSection
	GlobalSection(ExtensibilityGlobals) = postSolution
		SolutionGuid = {C668551E-E60F-4F1B-9547-9FA57F75670B}
	EndGlobalSection
EndGlobal
